
Microsoft Visual Studio Solution File, Format Version 12.00
# Visual Studio Version 17
VisualStudioVersion = 17.3.32825.248
MinimumVisualStudioVersion = 10.0.40219.1
Project("{FAE04EC0-301F-11D3-BF4B-00C04F79EFBC}") = "Echo.GFT.API", "src\Echo.GFT.API\Echo.GFT.API.csproj", "{B3EC06C5-5E73-4B61-916A-0CD651EB0A77}"
EndProject
Global
	GlobalSection(SolutionConfigurationPlatforms) = preSolution
		Debug|Any CPU = Debug|Any CPU
		Release|Any CPU = Release|Any CPU
	EndGlobalSection
	GlobalSection(ProjectConfigurationPlatforms) = postSolution
		{B3EC06C5-5E73-4B61-916A-0CD651EB0A77}.Debug|Any CPU.ActiveCfg = Debug|Any CPU
		{B3EC06C5-5E73-4B61-916A-0CD651EB0A77}.Debug|Any CPU.Build.0 = Debug|Any CPU
		{B3EC06C5-5E73-4B61-916A-0CD651EB0A77}.Release|Any CPU.ActiveCfg = Release|Any CPU
		{B3EC06C5-5E73-4B61-916A-0CD651EB0A77}.Release|Any CPU.Build.0 = Release|Any CPU
	EndGlobalSection
	GlobalSection(SolutionProperties) = preSolution
		HideSolutionNode = FALSE
	EndGlobalSection
	GlobalSection(ExtensibilityGlobals) = postSolution
		SolutionGuid = {DC3C6232-02FA-447E-B6FD-D613D58137C4}
	EndGlobalSection
EndGlobal
